
Microsoft Visual Studio Solution File, Format Version 12.00
# Visual Studio Version 17
VisualStudioVersion = 17.14.37628.2 d17.14
MinimumVisualStudioVersion = 10.0.40219.1
Project("{FAE04EC0-301F-11D3-BF4B-00C04F79EFBC}") = "Calculator.Marco-970", "Calculator.Marco-970\Calculator.Marco-970.csproj", "{89735B9B-AB3A-4E2B-940F-A4E1CE706239}"
EndProject
Project("{FAE04EC0-301F-11D3-BF4B-00C04F79EFBC}") = "Tools", "Tools\Tools.csproj", "{5D4A677C-FEED-93AC-CD67-9EF0FCEFC24C}"
EndProject
Global
	GlobalSection(SolutionConfigurationPlatforms) = preSolution
		Debug|Any CPU = Debug|Any CPU
		Release|Any CPU = Release|Any CPU
	EndGlobalSection
	GlobalSection(ProjectConfigurationPlatforms) = postSolution
		{89735B9B-AB3A-4E2B-940F-A4E1CE706239}.Debug|Any CPU.ActiveCfg = Debug|Any CPU
		{89735B9B-AB3A-4E2B-940F-A4E1CE706239}.Debug|Any CPU.Build.0 = Debug|Any CPU
		{89735B9B-AB3A-4E2B-940F-A4E1CE706239}.Release|Any CPU.ActiveCfg = Release|Any CPU
		{89735B9B-AB3A-4E2B-940F-A4E1CE706239}.Release|Any CPU.Build.0 = Release|Any CPU
		{5D4A677C-FEED-93AC-CD67-9EF0FCEFC24C}.Debug|Any CPU.ActiveCfg = Debug|Any CPU
		{5D4A677C-FEED-93AC-CD67-9EF0FCEFC24C}.Debug|Any CPU.Build.0 = Debug|Any CPU
		{5D4A677C-FEED-93AC-CD67-9EF0FCEFC24C}.Release|Any CPU.ActiveCfg = Release|Any CPU
		{5D4A677C-FEED-93AC-CD67-9EF0FCEFC24C}.Release|Any CPU.Build.0 = Release|Any CPU
	EndGlobalSection
	GlobalSection(SolutionProperties) = preSolution
		HideSolutionNode = FALSE
	EndGlobalSection
	GlobalSection(ExtensibilityGlobals) = postSolution
		SolutionGuid = {C3E92BBC-7FBC-40BC-9F9F-957A5AA6EA87}
	EndGlobalSection
EndGlobal
